// !$*UTF8*$!
{
	archiveVersion = 1;
	classes = {
	};
	objectVersion = 55;
	objects = {

/* Begin PBXBuildFile section */
		23743B5A28CE702F001AD320 /* AppDelegate.swift in Sources */ = {isa = PBXBuildFile; fileRef = 23743B5928CE702F001AD320 /* AppDelegate.swift */; };
		23743B5C28CE702F001AD320 /* SceneDelegate.swift in Sources */ = {isa = PBXBuildFile; fileRef = 23743B5B28CE702F001AD320 /* SceneDelegate.swift */; };
		23743B5E28CE702F001AD320 /* PostVC.swift in Sources */ = {isa = PBXBuildFile; fileRef = 23743B5D28CE702F001AD320 /* PostVC.swift */; };
		23743B6128CE702F001AD320 /* Main.storyboard in Resources */ = {isa = PBXBuildFile; fileRef = 23743B5F28CE702F001AD320 /* Main.storyboard */; };
		23743B6328CE7032001AD320 /* Assets.xcassets in Resources */ = {isa = PBXBuildFile; fileRef = 23743B6228CE7032001AD320 /* Assets.xcassets */; };
		23743B6628CE7032001AD320 /* LaunchScreen.storyboard in Resources */ = {isa = PBXBuildFile; fileRef = 23743B6428CE7032001AD320 /* LaunchScreen.storyboard */; };
		237450D328CE83AB0085E21D /* Chatt.swift in Sources */ = {isa = PBXBuildFile; fileRef = 237450D228CE83AB0085E21D /* Chatt.swift */; };
		237450D528CE83CC0085E21D /* ChattStore.swift in Sources */ = {isa = PBXBuildFile; fileRef = 237450D428CE83CC0085E21D /* ChattStore.swift */; };
		237450D728CE8C2A0085E21D /* ChattTableCell.swift in Sources */ = {isa = PBXBuildFile; fileRef = 237450D628CE8C2A0085E21D /* ChattTableCell.swift */; };
		237450D928CE8E8D0085E21D /* MainVC.swift in Sources */ = {isa = PBXBuildFile; fileRef = 237450D828CE8E8D0085E21D /* MainVC.swift */; };
/* End PBXBuildFile section */

/* Begin PBXFileReference section */
		23743B5628CE702F001AD320 /* swiftChatter.app */ = {isa = PBXFileReference; explicitFileType = wrapper.application; includeInIndex = 0; path = swiftChatter.app; sourceTree = BUILT_PRODUCTS_DIR; };
		23743B5928CE702F001AD320 /* AppDelegate.swift */ = {isa = PBXFileReference; lastKnownFileType = sourcecode.swift; path = AppDelegate.swift; sourceTree = "<group>"; };
		23743B5B28CE702F001AD320 /* SceneDelegate.swift */ = {isa = PBXFileReference; lastKnownFileType = sourcecode.swift; path = SceneDelegate.swift; sourceTree = "<group>"; };
		23743B5D28CE702F001AD320 /* PostVC.swift */ = {isa = PBXFileReference; lastKnownFileType = sourcecode.swift; path = PostVC.swift; sourceTree = "<group>"; };
		23743B6028CE702F001AD320 /* Base */ = {isa = PBXFileReference; lastKnownFileType = file.storyboard; name = Base; path = Base.lproj/Main.storyboard; sourceTree = "<group>"; };
		23743B6228CE7032001AD320 /* Assets.xcassets */ = {isa = PBXFileReference; lastKnownFileType = folder.assetcatalog; path = Assets.xcassets; sourceTree = "<group>"; };
		23743B6528CE7032001AD320 /* Base */ = {isa = PBXFileReference; lastKnownFileType = file.storyboard; name = Base; path = Base.lproj/LaunchScreen.storyboard; sourceTree = "<group>"; };
		23743B6728CE7032001AD320 /* Info.plist */ = {isa = PBXFileReference; lastKnownFileType = text.plist.xml; path = Info.plist; sourceTree = "<group>"; };
		237450D228CE83AB0085E21D /* Chatt.swift */ = {isa = PBXFileReference; lastKnownFileType = sourcecode.swift; path = Chatt.swift; sourceTree = "<group>"; };
		237450D428CE83CC0085E21D /* ChattStore.swift */ = {isa = PBXFileReference; lastKnownFileType = sourcecode.swift; path = ChattStore.swift; sourceTree = "<group>"; };
		237450D628CE8C2A0085E21D /* ChattTableCell.swift */ = {isa = PBXFileReference; lastKnownFileType = sourcecode.swift; path = ChattTableCell.swift; sourceTree = "<group>"; };
		237450D828CE8E8D0085E21D /* MainVC.swift */ = {isa = PBXFileReference; lastKnownFileType = sourcecode.swift; path = MainVC.swift; sourceTree = "<group>"; };
/* End PBXFileReference section */

/* Begin PBXFrameworksBuildPhase section */
		23743B5328CE702F001AD320 /* Frameworks */ = {
			isa = PBXFrameworksBuildPhase;
			buildActionMask = 2147483647;
			files = (
			);
			runOnlyForDeploymentPostprocessing = 0;
		};
/* End PBXFrameworksBuildPhase section */

/* Begin PBXGroup section */
		23743B4D28CE702F001AD320 = {
			isa = PBXGroup;
			children = (
				23743B5828CE702F001AD320 /* swiftChatter */,
				23743B5728CE702F001AD320 /* Products */,
			);
			sourceTree = "<group>";
		};
		23743B5728CE702F001AD320 /* Products */ = {
			isa = PBXGroup;
			children = (
				23743B5628CE702F001AD320 /* swiftChatter.app */,
			);
			name = Products;
			sourceTree = "<group>";
		};
		23743B5828CE702F001AD320 /* swiftChatter */ = {
			isa = PBXGroup;
			children = (
				23743B5928CE702F001AD320 /* AppDelegate.swift */,
				23743B5B28CE702F001AD320 /* SceneDelegate.swift */,
				23743B5D28CE702F001AD320 /* PostVC.swift */,
				23743B5F28CE702F001AD320 /* Main.storyboard */,
				23743B6228CE7032001AD320 /* Assets.xcassets */,
				23743B6428CE7032001AD320 /* LaunchScreen.storyboard */,
				23743B6728CE7032001AD320 /* Info.plist */,
				237450D228CE83AB0085E21D /* Chatt.swift */,
				237450D428CE83CC0085E21D /* ChattStore.swift */,
				237450D628CE8C2A0085E21D /* ChattTableCell.swift */,
				237450D828CE8E8D0085E21D /* MainVC.swift */,
			);
			path = swiftChatter;
			sourceTree = "<group>";
		};
/* End PBXGroup section */

/* Begin PBXNativeTarget section */
		23743B5528CE702F001AD320 /* swiftChatter */ = {
			isa = PBXNativeTarget;
			buildConfigurationList = 23743B6A28CE7032001AD320 /* Build configuration list for PBXNativeTarget "swiftChatter" */;
			buildPhases = (
				23743B5228CE702F001AD320 /* Sources */,
				23743B5328CE702F001AD320 /* Frameworks */,
				23743B5428CE702F001AD320 /* Resources */,
			);
			buildRules = (
			);
			dependencies = (
			);
			name = swiftChatter;
			productName = swiftChatter;
			productReference = 23743B5628CE702F001AD320 /* swiftChatter.app */;
			productType = "com.apple.product-type.application";
		};
/* End PBXNativeTarget section */

/* Begin PBXProject section */
		23743B4E28CE702F001AD320 /* Project object */ = {
			isa = PBXProject;
			attributes = {
				BuildIndependentTargetsInParallel = 1;
				LastSwiftUpdateCheck = 1340;
				LastUpgradeCheck = 1340;
				TargetAttributes = {
					23743B5528CE702F001AD320 = {
						CreatedOnToolsVersion = 13.4.1;
					};
				};
			};
			buildConfigurationList = 23743B5128CE702F001AD320 /* Build configuration list for PBXProject "swiftChatter" */;
			compatibilityVersion = "Xcode 13.0";
			developmentRegion = en;
			hasScannedForEncodings = 0;
			knownRegions = (
				en,
				Base,
			);
			mainGroup = 23743B4D28CE702F001AD320;
			productRefGroup = 23743B5728CE702F001AD320 /* Products */;
			projectDirPath = "";
			projectRoot = "";
			targets = (
				23743B5528CE702F001AD320 /* swiftChatter */,
			);
		};
/* End PBXProject section */

/* Begin PBXResourcesBuildPhase section */
		23743B5428CE702F001AD320 /* Resources */ = {
			isa = PBXResourcesBuildPhase;
			buildActionMask = 2147483647;
			files = (
				23743B6628CE7032001AD320 /* LaunchScreen.storyboard in Resources */,
				23743B6328CE7032001AD320 /* Assets.xcassets in Resources */,
				23743B6128CE702F001AD320 /* Main.storyboard in Resources */,
			);
			runOnlyForDeploymentPostprocessing = 0;
		};
/* End PBXResourcesBuildPhase section */

/* Begin PBXSourcesBuildPhase section */
		23743B5228CE702F001AD320 /* Sources */ = {
			isa = PBXSourcesBuildPhase;
			buildActionMask = 2147483647;
			files = (
				23743B5E28CE702F001AD320 /* PostVC.swift in Sources */,
				237450D728CE8C2A0085E21D /* ChattTableCell.swift in Sources */,
				23743B5A28CE702F001AD320 /* AppDelegate.swift in Sources */,
				237450D328CE83AB0085E21D /* Chatt.swift in Sources */,
				23743B5C28CE702F001AD320 /* SceneDelegate.swift in Sources */,
				237450D528CE83CC0085E21D /* ChattStore.swift in Sources */,
				237450D928CE8E8D0085E21D /* MainVC.swift in Sources */,
			);
			runOnlyForDeploymentPostprocessing = 0;
		};
/* End PBXSourcesBuildPhase section */

/* Begin PBXVariantGroup section */
		23743B5F28CE702F001AD320 /* Main.storyboard */ = {
			isa = PBXVariantGroup;
			children = (
				23743B6028CE702F001AD320 /* Base */,
			);
			name = Main.storyboard;
			sourceTree = "<group>";
		};
		23743B6428CE7032001AD320 /* LaunchScreen.storyboard */ = {
			isa = PBXVariantGroup;
			children = (
				23743B6528CE7032001AD320 /* Base */,
			);
			name = LaunchScreen.storyboard;
			sourceTree = "<group>";
		};
/* End PBXVariantGroup section */

/* Begin XCBuildConfiguration section */
		23743B6828CE7032001AD320 /* Debug */ = {
			isa = XCBuildConfiguration;
			buildSettings = {
				ALWAYS_SEARCH_USER_PATHS = NO;
				CLANG_ANALYZER_NONNULL = YES;
				CLANG_ANALYZER_NUMBER_OBJECT_CONVERSION = YES_AGGRESSIVE;
				CLANG_CXX_LANGUAGE_STANDARD = "gnu++17";
				CLANG_ENABLE_MODULES = YES;
				CLANG_ENABLE_OBJC_ARC = YES;
				CLANG_ENABLE_OBJC_WEAK = YES;
				CLANG_WARN_BLOCK_CAPTURE_AUTORELEASING = YES;
				CLANG_WARN_BOOL_CONVERSION = YES;
				CLANG_WARN_COMMA = YES;
				CLANG_WARN_CONSTANT_CONVERSION = YES;
				CLANG_WARN_DEPRECATED_OBJC_IMPLEMENTATIONS = YES;
				CLANG_WARN_DIRECT_OBJC_ISA_USAGE = YES_ERROR;
				CLANG_WARN_DOCUMENTATION_COMMENTS = YES;
				CLANG_WARN_EMPTY_BODY = YES;
				CLANG_WARN_ENUM_CONVERSION = YES;
				CLANG_WARN_INFINITE_RECURSION = YES;
				CLANG_WARN_INT_CONVERSION = YES;
				CLANG_WARN_NON_LITERAL_NULL_CONVERSION = YES;
				CLANG_WARN_OBJC_IMPLICIT_RETAIN_SELF = YES;
				CLANG_WARN_OBJC_LITERAL_CONVERSION = YES;
				CLANG_WARN_OBJC_ROOT_CLASS = YES_ERROR;
				CLANG_WARN_QUOTED_INCLUDE_IN_FRAMEWORK_HEADER = YES;
				CLANG_WARN_RANGE_LOOP_ANALYSIS = YES;
				CLANG_WARN_STRICT_PROTOTYPES = YES;
				CLANG_WARN_SUSPICIOUS_MOVE = YES;
				CLANG_WARN_UNGUARDED_AVAILABILITY = YES_AGGRESSIVE;
				CLANG_WARN_UNREACHABLE_CODE = YES;
				CLANG_WARN__DUPLICATE_METHOD_MATCH = YES;
				COPY_PHASE_STRIP = NO;
				DEBUG_INFORMATION_FORMAT = dwarf;
				ENABLE_STRICT_OBJC_MSGSEND = YES;
				ENABLE_TESTABILITY = YES;
				GCC_C_LANGUAGE_STANDARD = gnu11;
				GCC_DYNAMIC_NO_PIC = NO;
				GCC_NO_COMMON_BLOCKS = YES;
				GCC_OPTIMIZATION_LEVEL = 0;
				GCC_PREPROCESSOR_DEFINITIONS = (
					"DEBUG=1",
					"$(inherited)",
				);
				GCC_WARN_64_TO_32_BIT_CONVERSION = YES;
				GCC_WARN_ABOUT_RETURN_TYPE = YES_ERROR;
				GCC_WARN_UNDECLARED_SELECTOR = YES;
				GCC_WARN_UNINITIALIZED_AUTOS = YES_AGGRESSIVE;
				GCC_WARN_UNUSED_FUNCTION = YES;
				GCC_WARN_UNUSED_VARIABLE = YES;
				IPHONEOS_DEPLOYMENT_TARGET = 15.5;
				MTL_ENABLE_DEBUG_INFO = INCLUDE_SOURCE;
				MTL_FAST_MATH = YES;
				ONLY_ACTIVE_ARCH = YES;
				SDKROOT = iphoneos;
				SWIFT_ACTIVE_COMPILATION_CONDITIONS = DEBUG;
				SWIFT_OPTIMIZATION_LEVEL = "-Onone";
			};
			name = Debug;
		};
		23743B6928CE7032001AD320 /* Release */ = {
			isa = XCBuildConfiguration;
			buildSettings = {
				ALWAYS_SEARCH_USER_PATHS = NO;
				CLANG_ANALYZER_NONNULL = YES;
				CLANG_ANALYZER_NUMBER_OBJECT_CONVERSION = YES_AGGRESSIVE;
				CLANG_CXX_LANGUAGE_STANDARD = "gnu++17";
				CLANG_ENABLE_MODULES = YES;
				CLANG_ENABLE_OBJC_ARC = YES;
				CLANG_ENABLE_OBJC_WEAK = YES;
				CLANG_WARN_BLOCK_CAPTURE_AUTORELEASING = YES;
				CLANG_WARN_BOOL_CONVERSION = YES;
				CLANG_WARN_COMMA = YES;
				CLANG_WARN_CONSTANT_CONVERSION = YES;
				CLANG_WARN_DEPRECATED_OBJC_IMPLEMENTATIONS = YES;
				CLANG_WARN_DIRECT_OBJC_ISA_USAGE = YES_ERROR;
				CLANG_WARN_DOCUMENTATION_COMMENTS = YES;
				CLANG_WARN_EMPTY_BODY = YES;
				CLANG_WARN_ENUM_CONVERSION = YES;
				CLANG_WARN_INFINITE_RECURSION = YES;
				CLANG_WARN_INT_CONVERSION = YES;
				CLANG_WARN_NON_LITERAL_NULL_CONVERSION = YES;
				CLANG_WARN_OBJC_IMPLICIT_RETAIN_SELF = YES;
				CLANG_WARN_OBJC_LITERAL_CONVERSION = YES;
				CLANG_WARN_OBJC_ROOT_CLASS = YES_ERROR;
				CLANG_WARN_QUOTED_INCLUDE_IN_FRAMEWORK_HEADER = YES;
				CLANG_WARN_RANGE_LOOP_ANALYSIS = YES;
				CLANG_WARN_STRICT_PROTOTYPES = YES;
				CLANG_WARN_SUSPICIOUS_MOVE = YES;
				CLANG_WARN_UNGUARDED_AVAILABILITY = YES_AGGRESSIVE;
				CLANG_WARN_UNREACHABLE_CODE = YES;
				CLANG_WARN__DUPLICATE_METHOD_MATCH = YES;
				COPY_PHASE_STRIP = NO;
				DEBUG_INFORMATION_FORMAT = "dwarf-with-dsym";
				ENABLE_NS_ASSERTIONS = NO;
				ENABLE_STRICT_OBJC_MSGSEND = YES;
				GCC_C_LANGUAGE_STANDARD = gnu11;
				GCC_NO_COMMON_BLOCKS = YES;
				GCC_WARN_64_TO_32_BIT_CONVERSION = YES;
				GCC_WARN_ABOUT_RETURN_TYPE = YES_ERROR;
				GCC_WARN_UNDECLARED_SELECTOR = YES;
				GCC_WARN_UNINITIALIZED_AUTOS = YES_AGGRESSIVE;
				GCC_WARN_UNUSED_FUNCTION = YES;
				GCC_WARN_UNUSED_VARIABLE = YES;
				IPHONEOS_DEPLOYMENT_TARGET = 15.5;
				MTL_ENABLE_DEBUG_INFO = NO;
				MTL_FAST_MATH = YES;
				SDKROOT = iphoneos;
				SWIFT_COMPILATION_MODE = wholemodule;
				SWIFT_OPTIMIZATION_LEVEL = "-O";
				VALIDATE_PRODUCT = YES;
			};
			name = Release;
		};
		23743B6B28CE7032001AD320 /* Debug */ = {
			isa = XCBuildConfiguration;
			buildSettings = {
				ASSETCATALOG_COMPILER_APPICON_NAME = AppIcon;
				ASSETCATALOG_COMPILER_GLOBAL_ACCENT_COLOR_NAME = AccentColor;
				CODE_SIGN_STYLE = Automatic;
				CURRENT_PROJECT_VERSION = 1;
				DEVELOPMENT_TEAM = K2W2M8B2GV;
				GENERATE_INFOPLIST_FILE = YES;
				INFOPLIST_FILE = swiftChatter/Info.plist;
				INFOPLIST_KEY_UIApplicationSupportsIndirectInputEvents = YES;
				INFOPLIST_KEY_UILaunchStoryboardName = LaunchScreen;
				INFOPLIST_KEY_UIMainStoryboardFile = Main;
				INFOPLIST_KEY_UISupportedInterfaceOrientations_iPad = "UIInterfaceOrientationPortrait UIInterfaceOrientationPortraitUpsideDown UIInterfaceOrientationLandscapeLeft UIInterfaceOrientationLandscapeRight";
				INFOPLIST_KEY_UISupportedInterfaceOrientations_iPhone = "UIInterfaceOrientationPortrait UIInterfaceOrientationLandscapeLeft UIInterfaceOrientationLandscapeRight";
				LD_RUNPATH_SEARCH_PATHS = (
					"$(inherited)",
					"@executable_path/Frameworks",
				);
				MARKETING_VERSION = 1.0;
				PRODUCT_BUNDLE_IDENTIFIER = edu.umich.angelhyc.swiftChatter;
				PRODUCT_NAME = "$(TARGET_NAME)";
				SWIFT_EMIT_LOC_STRINGS = YES;
				SWIFT_VERSION = 5.0;
				TARGETED_DEVICE_FAMILY = 1;
			};
			name = Debug;
		};
		23743B6C28CE7032001AD320 /* Release */ = {
			isa = XCBuildConfiguration;
			buildSettings = {
				ASSETCATALOG_COMPILER_APPICON_NAME = AppIcon;
				ASSETCATALOG_COMPILER_GLOBAL_ACCENT_COLOR_NAME = AccentColor;
				CODE_SIGN_STYLE = Automatic;
				CURRENT_PROJECT_VERSION = 1;
				DEVELOPMENT_TEAM = K2W2M8B2GV;
				GENERATE_INFOPLIST_FILE = YES;
				INFOPLIST_FILE = swiftChatter/Info.plist;
				INFOPLIST_KEY_UIApplicationSupportsIndirectInputEvents = YES;
				INFOPLIST_KEY_UILaunchStoryboardName = LaunchScreen;
				INFOPLIST_KEY_UIMainStoryboardFile = Main;
				INFOPLIST_KEY_UISupportedInterfaceOrientations_iPad = "UIInterfaceOrientationPortrait UIInterfaceOrientationPortraitUpsideDown UIInterfaceOrientationLandscapeLeft UIInterfaceOrientationLandscapeRight";
				INFOPLIST_KEY_UISupportedInterfaceOrientations_iPhone = "UIInterfaceOrientationPortrait UIInterfaceOrientationLandscapeLeft UIInterfaceOrientationLandscapeRight";
				LD_RUNPATH_SEARCH_PATHS = (
					"$(inherited)",
					"@executable_path/Frameworks",
				);
				MARKETING_VERSION = 1.0;
				PRODUCT_BUNDLE_IDENTIFIER = edu.umich.angelhyc.swiftChatter;
				PRODUCT_NAME = "$(TARGET_NAME)";
				SWIFT_EMIT_LOC_STRINGS = YES;
				SWIFT_VERSION = 5.0;
				TARGETED_DEVICE_FAMILY = 1;
			};
			name = Release;
		};
/* End XCBuildConfiguration section */

/* Begin XCConfigurationList section */
		23743B5128CE702F001AD320 /* Build configuration list for PBXProject "swiftChatter" */ = {
			isa = XCConfigurationList;
			buildConfigurations = (
				23743B6828CE7032001AD320 /* Debug */,
				23743B6928CE7032001AD320 /* Release */,
			);
			defaultConfigurationIsVisible = 0;
			defaultConfigurationName = Release;
		};
		23743B6A28CE7032001AD320 /* Build configuration list for PBXNativeTarget "swiftChatter" */ = {
			isa = XCConfigurationList;
			buildConfigurations = (
				23743B6B28CE7032001AD320 /* Debug */,
				23743B6C28CE7032001AD320 /* Release */,
			);
			defaultConfigurationIsVisible = 0;
			defaultConfigurationName = Release;
		};
/* End XCConfigurationList section */
	};
	rootObject = 23743B4E28CE702F001AD320 /* Project object */;
}
